// !$*UTF8*$!
{
	archiveVersion = 1;
	classes = {
	};
	objectVersion = 48;
	objects = {

/* Begin PBXBuildFile section */
		7109AE3620AE04BF002ABCF1 /* AppDelegate.swift in Sources */ = {isa = PBXBuildFile; fileRef = 7109AE3520AE04BF002ABCF1 /* AppDelegate.swift */; };
		7109AE3B20AE04BF002ABCF1 /* Main.storyboard in Resources */ = {isa = PBXBuildFile; fileRef = 7109AE3920AE04BF002ABCF1 /* Main.storyboard */; };
		7109AE3D20AE04BF002ABCF1 /* Assets.xcassets in Resources */ = {isa = PBXBuildFile; fileRef = 7109AE3C20AE04BF002ABCF1 /* Assets.xcassets */; };
		7109AE4020AE04BF002ABCF1 /* LaunchScreen.storyboard in Resources */ = {isa = PBXBuildFile; fileRef = 7109AE3E20AE04BF002ABCF1 /* LaunchScreen.storyboard */; };
		7109AE4B20AE04BF002ABCF1 /* SphereAssessmentTests.swift in Sources */ = {isa = PBXBuildFile; fileRef = 7109AE4A20AE04BF002ABCF1 /* SphereAssessmentTests.swift */; };
		7109AE5620AE04BF002ABCF1 /* SphereAssessmentUITests.swift in Sources */ = {isa = PBXBuildFile; fileRef = 7109AE5520AE04BF002ABCF1 /* SphereAssessmentUITests.swift */; };
		7109AE6420AE055B002ABCF1 /* Helper.swift in Sources */ = {isa = PBXBuildFile; fileRef = 7109AE6320AE055B002ABCF1 /* Helper.swift */; };
		7109AE6620AE077E002ABCF1 /* Profile.swift in Sources */ = {isa = PBXBuildFile; fileRef = 7109AE6520AE077E002ABCF1 /* Profile.swift */; };
		7109AE6820AE0CE7002ABCF1 /* ProfileViewController.swift in Sources */ = {isa = PBXBuildFile; fileRef = 7109AE6720AE0CE7002ABCF1 /* ProfileViewController.swift */; };
		7109AE6B20AE0E1F002ABCF1 /* CoreLocation.framework in Frameworks */ = {isa = PBXBuildFile; fileRef = 7109AE6A20AE0E1F002ABCF1 /* CoreLocation.framework */; };
		7109AE6F20AE2458002ABCF1 /* gif.gif in Resources */ = {isa = PBXBuildFile; fileRef = 7109AE6E20AE2458002ABCF1 /* gif.gif */; };
/* End PBXBuildFile section */

/* Begin PBXContainerItemProxy section */
		7109AE4720AE04BF002ABCF1 /* PBXContainerItemProxy */ = {
			isa = PBXContainerItemProxy;
			containerPortal = 7109AE2A20AE04BF002ABCF1 /* Project object */;
			proxyType = 1;
			remoteGlobalIDString = 7109AE3120AE04BF002ABCF1;
			remoteInfo = SphereAssessment;
		};
		7109AE5220AE04BF002ABCF1 /* PBXContainerItemProxy */ = {
			isa = PBXContainerItemProxy;
			containerPortal = 7109AE2A20AE04BF002ABCF1 /* Project object */;
			proxyType = 1;
			remoteGlobalIDString = 7109AE3120AE04BF002ABCF1;
			remoteInfo = SphereAssessment;
		};
/* End PBXContainerItemProxy section */

/* Begin PBXFileReference section */
		7109AE3220AE04BF002ABCF1 /* SphereAssessment.app */ = {isa = PBXFileReference; explicitFileType = wrapper.application; includeInIndex = 0; path = SphereAssessment.app; sourceTree = BUILT_PRODUCTS_DIR; };
		7109AE3520AE04BF002ABCF1 /* AppDelegate.swift */ = {isa = PBXFileReference; lastKnownFileType = sourcecode.swift; path = AppDelegate.swift; sourceTree = "<group>"; };
		7109AE3A20AE04BF002ABCF1 /* Base */ = {isa = PBXFileReference; lastKnownFileType = file.storyboard; name = Base; path = Base.lproj/Main.storyboard; sourceTree = "<group>"; };
		7109AE3C20AE04BF002ABCF1 /* Assets.xcassets */ = {isa = PBXFileReference; lastKnownFileType = folder.assetcatalog; path = Assets.xcassets; sourceTree = "<group>"; };
		7109AE3F20AE04BF002ABCF1 /* Base */ = {isa = PBXFileReference; lastKnownFileType = file.storyboard; name = Base; path = Base.lproj/LaunchScreen.storyboard; sourceTree = "<group>"; };
		7109AE4120AE04BF002ABCF1 /* Info.plist */ = {isa = PBXFileReference; lastKnownFileType = text.plist.xml; path = Info.plist; sourceTree = "<group>"; };
		7109AE4620AE04BF002ABCF1 /* SphereAssessmentTests.xctest */ = {isa = PBXFileReference; explicitFileType = wrapper.cfbundle; includeInIndex = 0; path = SphereAssessmentTests.xctest; sourceTree = BUILT_PRODUCTS_DIR; };
		7109AE4A20AE04BF002ABCF1 /* SphereAssessmentTests.swift */ = {isa = PBXFileReference; lastKnownFileType = sourcecode.swift; path = SphereAssessmentTests.swift; sourceTree = "<group>"; };
		7109AE4C20AE04BF002ABCF1 /* Info.plist */ = {isa = PBXFileReference; lastKnownFileType = text.plist.xml; path = Info.plist; sourceTree = "<group>"; };
		7109AE5120AE04BF002ABCF1 /* SphereAssessmentUITests.xctest */ = {isa = PBXFileReference; explicitFileType = wrapper.cfbundle; includeInIndex = 0; path = SphereAssessmentUITests.xctest; sourceTree = BUILT_PRODUCTS_DIR; };
		7109AE5520AE04BF002ABCF1 /* SphereAssessmentUITests.swift */ = {isa = PBXFileReference; lastKnownFileType = sourcecode.swift; path = SphereAssessmentUITests.swift; sourceTree = "<group>"; };
		7109AE5720AE04BF002ABCF1 /* Info.plist */ = {isa = PBXFileReference; lastKnownFileType = text.plist.xml; path = Info.plist; sourceTree = "<group>"; };
		7109AE6320AE055B002ABCF1 /* Helper.swift */ = {isa = PBXFileReference; lastKnownFileType = sourcecode.swift; path = Helper.swift; sourceTree = "<group>"; };
		7109AE6520AE077E002ABCF1 /* Profile.swift */ = {isa = PBXFileReference; lastKnownFileType = sourcecode.swift; path = Profile.swift; sourceTree = "<group>"; };
		7109AE6720AE0CE7002ABCF1 /* ProfileViewController.swift */ = {isa = PBXFileReference; lastKnownFileType = sourcecode.swift; path = ProfileViewController.swift; sourceTree = "<group>"; };
		7109AE6A20AE0E1F002ABCF1 /* CoreLocation.framework */ = {isa = PBXFileReference; lastKnownFileType = wrapper.framework; name = CoreLocation.framework; path = System/Library/Frameworks/CoreLocation.framework; sourceTree = SDKROOT; };
		7109AE6E20AE2458002ABCF1 /* gif.gif */ = {isa = PBXFileReference; lastKnownFileType = image.gif; name = gif.gif; path = ../../gif.gif; sourceTree = "<group>"; };
/* End PBXFileReference section */

/* Begin PBXFrameworksBuildPhase section */
		7109AE2F20AE04BF002ABCF1 /* Frameworks */ = {
			isa = PBXFrameworksBuildPhase;
			buildActionMask = 2147483647;
			files = (
				7109AE6B20AE0E1F002ABCF1 /* CoreLocation.framework in Frameworks */,
			);
			runOnlyForDeploymentPostprocessing = 0;
		};
		7109AE4320AE04BF002ABCF1 /* Frameworks */ = {
			isa = PBXFrameworksBuildPhase;
			buildActionMask = 2147483647;
			files = (
			);
			runOnlyForDeploymentPostprocessing = 0;
		};
		7109AE4E20AE04BF002ABCF1 /* Frameworks */ = {
			isa = PBXFrameworksBuildPhase;
			buildActionMask = 2147483647;
			files = (
			);
			runOnlyForDeploymentPostprocessing = 0;
		};
/* End PBXFrameworksBuildPhase section */

/* Begin PBXGroup section */
		7109AE2920AE04BF002ABCF1 = {
			isa = PBXGroup;
			children = (
				7109AE3420AE04BF002ABCF1 /* SphereAssessment */,
				7109AE4920AE04BF002ABCF1 /* SphereAssessmentTests */,
				7109AE5420AE04BF002ABCF1 /* SphereAssessmentUITests */,
				7109AE3320AE04BF002ABCF1 /* Products */,
				7109AE6920AE0E1F002ABCF1 /* Frameworks */,
			);
			sourceTree = "<group>";
		};
		7109AE3320AE04BF002ABCF1 /* Products */ = {
			isa = PBXGroup;
			children = (
				7109AE3220AE04BF002ABCF1 /* SphereAssessment.app */,
				7109AE4620AE04BF002ABCF1 /* SphereAssessmentTests.xctest */,
				7109AE5120AE04BF002ABCF1 /* SphereAssessmentUITests.xctest */,
			);
			name = Products;
			sourceTree = "<group>";
		};
		7109AE3420AE04BF002ABCF1 /* SphereAssessment */ = {
			isa = PBXGroup;
			children = (
				7109AE3520AE04BF002ABCF1 /* AppDelegate.swift */,
				7109AE6320AE055B002ABCF1 /* Helper.swift */,
				7109AE6520AE077E002ABCF1 /* Profile.swift */,
				7109AE3920AE04BF002ABCF1 /* Main.storyboard */,
				7109AE3C20AE04BF002ABCF1 /* Assets.xcassets */,
				7109AE3E20AE04BF002ABCF1 /* LaunchScreen.storyboard */,
				7109AE6720AE0CE7002ABCF1 /* ProfileViewController.swift */,
				7109AE4120AE04BF002ABCF1 /* Info.plist */,
				7109AE6E20AE2458002ABCF1 /* gif.gif */,
			);
			path = SphereAssessment;
			sourceTree = "<group>";
		};
		7109AE4920AE04BF002ABCF1 /* SphereAssessmentTests */ = {
			isa = PBXGroup;
			children = (
				7109AE4A20AE04BF002ABCF1 /* SphereAssessmentTests.swift */,
				7109AE4C20AE04BF002ABCF1 /* Info.plist */,
			);
			path = SphereAssessmentTests;
			sourceTree = "<group>";
		};
		7109AE5420AE04BF002ABCF1 /* SphereAssessmentUITests */ = {
			isa = PBXGroup;
			children = (
				7109AE5520AE04BF002ABCF1 /* SphereAssessmentUITests.swift */,
				7109AE5720AE04BF002ABCF1 /* Info.plist */,
			);
			path = SphereAssessmentUITests;
			sourceTree = "<group>";
		};
		7109AE6920AE0E1F002ABCF1 /* Frameworks */ = {
			isa = PBXGroup;
			children = (
				7109AE6A20AE0E1F002ABCF1 /* CoreLocation.framework */,
			);
			name = Frameworks;
			sourceTree = "<group>";
		};
/* End PBXGroup section */

/* Begin PBXNativeTarget section */
		7109AE3120AE04BF002ABCF1 /* SphereAssessment */ = {
			isa = PBXNativeTarget;
			buildConfigurationList = 7109AE5A20AE04BF002ABCF1 /* Build configuration list for PBXNativeTarget "SphereAssessment" */;
			buildPhases = (
				7109AE2E20AE04BF002ABCF1 /* Sources */,
				7109AE2F20AE04BF002ABCF1 /* Frameworks */,
				7109AE3020AE04BF002ABCF1 /* Resources */,
			);
			buildRules = (
			);
			dependencies = (
			);
			name = SphereAssessment;
			productName = SphereAssessment;
			productReference = 7109AE3220AE04BF002ABCF1 /* SphereAssessment.app */;
			productType = "com.apple.product-type.application";
		};
		7109AE4520AE04BF002ABCF1 /* SphereAssessmentTests */ = {
			isa = PBXNativeTarget;
			buildConfigurationList = 7109AE5D20AE04BF002ABCF1 /* Build configuration list for PBXNativeTarget "SphereAssessmentTests" */;
			buildPhases = (
				7109AE4220AE04BF002ABCF1 /* Sources */,
				7109AE4320AE04BF002ABCF1 /* Frameworks */,
				7109AE4420AE04BF002ABCF1 /* Resources */,
			);
			buildRules = (
			);
			dependencies = (
				7109AE4820AE04BF002ABCF1 /* PBXTargetDependency */,
			);
			name = SphereAssessmentTests;
			productName = SphereAssessmentTests;
			productReference = 7109AE4620AE04BF002ABCF1 /* SphereAssessmentTests.xctest */;
			productType = "com.apple.product-type.bundle.unit-test";
		};
		7109AE5020AE04BF002ABCF1 /* SphereAssessmentUITests */ = {
			isa = PBXNativeTarget;
			buildConfigurationList = 7109AE6020AE04BF002ABCF1 /* Build configuration list for PBXNativeTarget "SphereAssessmentUITests" */;
			buildPhases = (
				7109AE4D20AE04BF002ABCF1 /* Sources */,
				7109AE4E20AE04BF002ABCF1 /* Frameworks */,
				7109AE4F20AE04BF002ABCF1 /* Resources */,
			);
			buildRules = (
			);
			dependencies = (
				7109AE5320AE04BF002ABCF1 /* PBXTargetDependency */,
			);
			name = SphereAssessmentUITests;
			productName = SphereAssessmentUITests;
			productReference = 7109AE5120AE04BF002ABCF1 /* SphereAssessmentUITests.xctest */;
			productType = "com.apple.product-type.bundle.ui-testing";
		};
/* End PBXNativeTarget section */

/* Begin PBXProject section */
		7109AE2A20AE04BF002ABCF1 /* Project object */ = {
			isa = PBXProject;
			attributes = {
				LastSwiftUpdateCheck = 0920;
				LastUpgradeCheck = 0920;
				ORGANIZATIONNAME = T;
				TargetAttributes = {
					7109AE3120AE04BF002ABCF1 = {
						CreatedOnToolsVersion = 9.2;
						ProvisioningStyle = Automatic;
					};
					7109AE4520AE04BF002ABCF1 = {
						CreatedOnToolsVersion = 9.2;
						ProvisioningStyle = Automatic;
						TestTargetID = 7109AE3120AE04BF002ABCF1;
					};
					7109AE5020AE04BF002ABCF1 = {
						CreatedOnToolsVersion = 9.2;
						ProvisioningStyle = Automatic;
						TestTargetID = 7109AE3120AE04BF002ABCF1;
					};
				};
			};
			buildConfigurationList = 7109AE2D20AE04BF002ABCF1 /* Build configuration list for PBXProject "SphereAssessment" */;
			compatibilityVersion = "Xcode 8.0";
			developmentRegion = en;
			hasScannedForEncodings = 0;
			knownRegions = (
				en,
				Base,
			);
			mainGroup = 7109AE2920AE04BF002ABCF1;
			productRefGroup = 7109AE3320AE04BF002ABCF1 /* Products */;
			projectDirPath = "";
			projectRoot = "";
			targets = (
				7109AE3120AE04BF002ABCF1 /* SphereAssessment */,
				7109AE4520AE04BF002ABCF1 /* SphereAssessmentTests */,
				7109AE5020AE04BF002ABCF1 /* SphereAssessmentUITests */,
			);
		};
/* End PBXProject section */

/* Begin PBXResourcesBuildPhase section */
		7109AE3020AE04BF002ABCF1 /* Resources */ = {
			isa = PBXResourcesBuildPhase;
			buildActionMask = 2147483647;
			files = (
				7109AE4020AE04BF002ABCF1 /* LaunchScreen.storyboard in Resources */,
				7109AE6F20AE2458002ABCF1 /* gif.gif in Resources */,
				7109AE3D20AE04BF002ABCF1 /* Assets.xcassets in Resources */,
				7109AE3B20AE04BF002ABCF1 /* Main.storyboard in Resources */,
			);
			runOnlyForDeploymentPostprocessing = 0;
		};
		7109AE4420AE04BF002ABCF1 /* Resources */ = {
			isa = PBXResourcesBuildPhase;
			buildActionMask = 2147483647;
			files = (
			);
			runOnlyForDeploymentPostprocessing = 0;
		};
		7109AE4F20AE04BF002ABCF1 /* Resources */ = {
			isa = PBXResourcesBuildPhase;
			buildActionMask = 2147483647;
			files = (
			);
			runOnlyForDeploymentPostprocessing = 0;
		};
/* End PBXResourcesBuildPhase section */

/* Begin PBXSourcesBuildPhase section */
		7109AE2E20AE04BF002ABCF1 /* Sources */ = {
			isa = PBXSourcesBuildPhase;
			buildActionMask = 2147483647;
			files = (
				7109AE6620AE077E002ABCF1 /* Profile.swift in Sources */,
				7109AE3620AE04BF002ABCF1 /* AppDelegate.swift in Sources */,
				7109AE6820AE0CE7002ABCF1 /* ProfileViewController.swift in Sources */,
				7109AE6420AE055B002ABCF1 /* Helper.swift in Sources */,
			);
			runOnlyForDeploymentPostprocessing = 0;
		};
		7109AE4220AE04BF002ABCF1 /* Sources */ = {
			isa = PBXSourcesBuildPhase;
			buildActionMask = 2147483647;
			files = (
				7109AE4B20AE04BF002ABCF1 /* SphereAssessmentTests.swift in Sources */,
			);
			runOnlyForDeploymentPostprocessing = 0;
		};
		7109AE4D20AE04BF002ABCF1 /* Sources */ = {
			isa = PBXSourcesBuildPhase;
			buildActionMask = 2147483647;
			files = (
				7109AE5620AE04BF002ABCF1 /* SphereAssessmentUITests.swift in Sources */,
			);
			runOnlyForDeploymentPostprocessing = 0;
		};
/* End PBXSourcesBuildPhase section */

/* Begin PBXTargetDependency section */
		7109AE4820AE04BF002ABCF1 /* PBXTargetDependency */ = {
			isa = PBXTargetDependency;
			target = 7109AE3120AE04BF002ABCF1 /* SphereAssessment */;
			targetProxy = 7109AE4720AE04BF002ABCF1 /* PBXContainerItemProxy */;
		};
		7109AE5320AE04BF002ABCF1 /* PBXTargetDependency */ = {
			isa = PBXTargetDependency;
			target = 7109AE3120AE04BF002ABCF1 /* SphereAssessment */;
			targetProxy = 7109AE5220AE04BF002ABCF1 /* PBXContainerItemProxy */;
		};
/* End PBXTargetDependency section */

/* Begin PBXVariantGroup section */
		7109AE3920AE04BF002ABCF1 /* Main.storyboard */ = {
			isa = PBXVariantGroup;
			children = (
				7109AE3A20AE04BF002ABCF1 /* Base */,
			);
			name = Main.storyboard;
			sourceTree = "<group>";
		};
		7109AE3E20AE04BF002ABCF1 /* LaunchScreen.storyboard */ = {
			isa = PBXVariantGroup;
			children = (
				7109AE3F20AE04BF002ABCF1 /* Base */,
			);
			name = LaunchScreen.storyboard;
			sourceTree = "<group>";
		};
/* End PBXVariantGroup section */

/* Begin XCBuildConfiguration section */
		7109AE5820AE04BF002ABCF1 /* Debug */ = {
			isa = XCBuildConfiguration;
			buildSettings = {
				ALWAYS_SEARCH_USER_PATHS = NO;
				CLANG_ANALYZER_NONNULL = YES;
				CLANG_ANALYZER_NUMBER_OBJECT_CONVERSION = YES_AGGRESSIVE;
				CLANG_CXX_LANGUAGE_STANDARD = "gnu++14";
				CLANG_CXX_LIBRARY = "libc++";
				CLANG_ENABLE_MODULES = YES;
				CLANG_ENABLE_OBJC_ARC = YES;
				CLANG_WARN_BLOCK_CAPTURE_AUTORELEASING = YES;
				CLANG_WARN_BOOL_CONVERSION = YES;
				CLANG_WARN_COMMA = YES;
				CLANG_WARN_CONSTANT_CONVERSION = YES;
				CLANG_WARN_DIRECT_OBJC_ISA_USAGE = YES_ERROR;
				CLANG_WARN_DOCUMENTATION_COMMENTS = YES;
				CLANG_WARN_EMPTY_BODY = YES;
				CLANG_WARN_ENUM_CONVERSION = YES;
				CLANG_WARN_INFINITE_RECURSION = YES;
				CLANG_WARN_INT_CONVERSION = YES;
				CLANG_WARN_NON_LITERAL_NULL_CONVERSION = YES;
				CLANG_WARN_OBJC_LITERAL_CONVERSION = YES;
				CLANG_WARN_OBJC_ROOT_CLASS = YES_ERROR;
				CLANG_WARN_RANGE_LOOP_ANALYSIS = YES;
				CLANG_WARN_STRICT_PROTOTYPES = YES;
				CLANG_WARN_SUSPICIOUS_MOVE = YES;
				CLANG_WARN_UNGUARDED_AVAILABILITY = YES_AGGRESSIVE;
				CLANG_WARN_UNREACHABLE_CODE = YES;
				CLANG_WARN__DUPLICATE_METHOD_MATCH = YES;
				CODE_SIGN_IDENTITY = "iPhone Developer";
				COPY_PHASE_STRIP = NO;
				DEBUG_INFORMATION_FORMAT = dwarf;
				ENABLE_STRICT_OBJC_MSGSEND = YES;
				ENABLE_TESTABILITY = YES;
				GCC_C_LANGUAGE_STANDARD = gnu11;
				GCC_DYNAMIC_NO_PIC = NO;
				GCC_NO_COMMON_BLOCKS = YES;
				GCC_OPTIMIZATION_LEVEL = 0;
				GCC_PREPROCESSOR_DEFINITIONS = (
					"DEBUG=1",
					"$(inherited)",
				);
				GCC_WARN_64_TO_32_BIT_CONVERSION = YES;
				GCC_WARN_ABOUT_RETURN_TYPE = YES_ERROR;
				GCC_WARN_UNDECLARED_SELECTOR = YES;
				GCC_WARN_UNINITIALIZED_AUTOS = YES_AGGRESSIVE;
				GCC_WARN_UNUSED_FUNCTION = YES;
				GCC_WARN_UNUSED_VARIABLE = YES;
				IPHONEOS_DEPLOYMENT_TARGET = 11.2;
				MTL_ENABLE_DEBUG_INFO = YES;
				ONLY_ACTIVE_ARCH = YES;
				SDKROOT = iphoneos;
				SWIFT_ACTIVE_COMPILATION_CONDITIONS = DEBUG;
				SWIFT_OPTIMIZATION_LEVEL = "-Onone";
			};
			name = Debug;
		};
		7109AE5920AE04BF002ABCF1 /* Release */ = {
			isa = XCBuildConfiguration;
			buildSettings = {
				ALWAYS_SEARCH_USER_PATHS = NO;
				CLANG_ANALYZER_NONNULL = YES;
				CLANG_ANALYZER_NUMBER_OBJECT_CONVERSION = YES_AGGRESSIVE;
				CLANG_CXX_LANGUAGE_STANDARD = "gnu++14";
				CLANG_CXX_LIBRARY = "libc++";
				CLANG_ENABLE_MODULES = YES;
				CLANG_ENABLE_OBJC_ARC = YES;
				CLANG_WARN_BLOCK_CAPTURE_AUTORELEASING = YES;
				CLANG_WARN_BOOL_CONVERSION = YES;
				CLANG_WARN_COMMA = YES;
				CLANG_WARN_CONSTANT_CONVERSION = YES;
				CLANG_WARN_DIRECT_OBJC_ISA_USAGE = YES_ERROR;
				CLANG_WARN_DOCUMENTATION_COMMENTS = YES;
				CLANG_WARN_EMPTY_BODY = YES;
				CLANG_WARN_ENUM_CONVERSION = YES;
				CLANG_WARN_INFINITE_RECURSION = YES;
				CLANG_WARN_INT_CONVERSION = YES;
				CLANG_WARN_NON_LITERAL_NULL_CONVERSION = YES;
				CLANG_WARN_OBJC_LITERAL_CONVERSION = YES;
				CLANG_WARN_OBJC_ROOT_CLASS = YES_ERROR;
				CLANG_WARN_RANGE_LOOP_ANALYSIS = YES;
				CLANG_WARN_STRICT_PROTOTYPES = YES;
				CLANG_WARN_SUSPICIOUS_MOVE = YES;
				CLANG_WARN_UNGUARDED_AVAILABILITY = YES_AGGRESSIVE;
				CLANG_WARN_UNREACHABLE_CODE = YES;
				CLANG_WARN__DUPLICATE_METHOD_MATCH = YES;
				CODE_SIGN_IDENTITY = "iPhone Developer";
				COPY_PHASE_STRIP = NO;
				DEBUG_INFORMATION_FORMAT = "dwarf-with-dsym";
				ENABLE_NS_ASSERTIONS = NO;
				ENABLE_STRICT_OBJC_MSGSEND = YES;
				GCC_C_LANGUAGE_STANDARD = gnu11;
				GCC_NO_COMMON_BLOCKS = YES;
				GCC_WARN_64_TO_32_BIT_CONVERSION = YES;
				GCC_WARN_ABOUT_RETURN_TYPE = YES_ERROR;
				GCC_WARN_UNDECLARED_SELECTOR = YES;
				GCC_WARN_UNINITIALIZED_AUTOS = YES_AGGRESSIVE;
				GCC_WARN_UNUSED_FUNCTION = YES;
				GCC_WARN_UNUSED_VARIABLE = YES;
				IPHONEOS_DEPLOYMENT_TARGET = 11.2;
				MTL_ENABLE_DEBUG_INFO = NO;
				SDKROOT = iphoneos;
				SWIFT_OPTIMIZATION_LEVEL = "-Owholemodule";
				VALIDATE_PRODUCT = YES;
			};
			name = Release;
		};
		7109AE5B20AE04BF002ABCF1 /* Debug */ = {
			isa = XCBuildConfiguration;
			buildSettings = {
				ASSETCATALOG_COMPILER_APPICON_NAME = AppIcon;
				CODE_SIGN_STYLE = Automatic;
				DEVELOPMENT_TEAM = E23AHD5J9B;
				INFOPLIST_FILE = SphereAssessment/Info.plist;
				LD_RUNPATH_SEARCH_PATHS = "$(inherited) @executable_path/Frameworks";
				PRODUCT_BUNDLE_IDENTIFIER = Assesment.SphereAssessment;
				PRODUCT_NAME = "$(TARGET_NAME)";
				SWIFT_VERSION = 4.0;
				TARGETED_DEVICE_FAMILY = "1,2";
			};
			name = Debug;
		};
		7109AE5C20AE04BF002ABCF1 /* Release */ = {
			isa = XCBuildConfiguration;
			buildSettings = {
				ASSETCATALOG_COMPILER_APPICON_NAME = AppIcon;
				CODE_SIGN_STYLE = Automatic;
				DEVELOPMENT_TEAM = E23AHD5J9B;
				INFOPLIST_FILE = SphereAssessment/Info.plist;
				LD_RUNPATH_SEARCH_PATHS = "$(inherited) @executable_path/Frameworks";
				PRODUCT_BUNDLE_IDENTIFIER = Assesment.SphereAssessment;
				PRODUCT_NAME = "$(TARGET_NAME)";
				SWIFT_VERSION = 4.0;
				TARGETED_DEVICE_FAMILY = "1,2";
			};
			name = Release;
		};
		7109AE5E20AE04BF002ABCF1 /* Debug */ = {
			isa = XCBuildConfiguration;
			buildSettings = {
				ALWAYS_EMBED_SWIFT_STANDARD_LIBRARIES = YES;
				BUNDLE_LOADER = "$(TEST_HOST)";
				CODE_SIGN_STYLE = Automatic;
				INFOPLIST_FILE = SphereAssessmentTests/Info.plist;
				LD_RUNPATH_SEARCH_PATHS = "$(inherited) @executable_path/Frameworks @loader_path/Frameworks";
				PRODUCT_BUNDLE_IDENTIFIER = Assesment.SphereAssessmentTests;
				PRODUCT_NAME = "$(TARGET_NAME)";
				SWIFT_VERSION = 4.0;
				TARGETED_DEVICE_FAMILY = "1,2";
				TEST_HOST = "$(BUILT_PRODUCTS_DIR)/SphereAssessment.app/SphereAssessment";
			};
			name = Debug;
		};
		7109AE5F20AE04BF002ABCF1 /* Release */ = {
			isa = XCBuildConfiguration;
			buildSettings = {
				ALWAYS_EMBED_SWIFT_STANDARD_LIBRARIES = YES;
				BUNDLE_LOADER = "$(TEST_HOST)";
				CODE_SIGN_STYLE = Automatic;
				INFOPLIST_FILE = SphereAssessmentTests/Info.plist;
				LD_RUNPATH_SEARCH_PATHS = "$(inherited) @executable_path/Frameworks @loader_path/Frameworks";
				PRODUCT_BUNDLE_IDENTIFIER = Assesment.SphereAssessmentTests;
				PRODUCT_NAME = "$(TARGET_NAME)";
				SWIFT_VERSION = 4.0;
				TARGETED_DEVICE_FAMILY = "1,2";
				TEST_HOST = "$(BUILT_PRODUCTS_DIR)/SphereAssessment.app/SphereAssessment";
			};
			name = Release;
		};
		7109AE6120AE04BF002ABCF1 /* Debug */ = {
			isa = XCBuildConfiguration;
			buildSettings = {
				ALWAYS_EMBED_SWIFT_STANDARD_LIBRARIES = YES;
				CODE_SIGN_STYLE = Automatic;
				INFOPLIST_FILE = SphereAssessmentUITests/Info.plist;
				LD_RUNPATH_SEARCH_PATHS = "$(inherited) @executable_path/Frameworks @loader_path/Frameworks";
				PRODUCT_BUNDLE_IDENTIFIER = Assesment.SphereAssessmentUITests;
				PRODUCT_NAME = "$(TARGET_NAME)";
				SWIFT_VERSION = 4.0;
				TARGETED_DEVICE_FAMILY = "1,2";
				TEST_TARGET_NAME = SphereAssessment;
			};
			name = Debug;
		};
		7109AE6220AE04BF002ABCF1 /* Release */ = {
			isa = XCBuildConfiguration;
			buildSettings = {
				ALWAYS_EMBED_SWIFT_STANDARD_LIBRARIES = YES;
				CODE_SIGN_STYLE = Automatic;
				INFOPLIST_FILE = SphereAssessmentUITests/Info.plist;
				LD_RUNPATH_SEARCH_PATHS = "$(inherited) @executable_path/Frameworks @loader_path/Frameworks";
				PRODUCT_BUNDLE_IDENTIFIER = Assesment.SphereAssessmentUITests;
				PRODUCT_NAME = "$(TARGET_NAME)";
				SWIFT_VERSION = 4.0;
				TARGETED_DEVICE_FAMILY = "1,2";
				TEST_TARGET_NAME = SphereAssessment;
			};
			name = Release;
		};
/* End XCBuildConfiguration section */

/* Begin XCConfigurationList section */
		7109AE2D20AE04BF002ABCF1 /* Build configuration list for PBXProject "SphereAssessment" */ = {
			isa = XCConfigurationList;
			buildConfigurations = (
				7109AE5820AE04BF002ABCF1 /* Debug */,
				7109AE5920AE04BF002ABCF1 /* Release */,
			);
			defaultConfigurationIsVisible = 0;
			defaultConfigurationName = Release;
		};
		7109AE5A20AE04BF002ABCF1 /* Build configuration list for PBXNativeTarget "SphereAssessment" */ = {
			isa = XCConfigurationList;
			buildConfigurations = (
				7109AE5B20AE04BF002ABCF1 /* Debug */,
				7109AE5C20AE04BF002ABCF1 /* Release */,
			);
			defaultConfigurationIsVisible = 0;
			defaultConfigurationName = Release;
		};
		7109AE5D20AE04BF002ABCF1 /* Build configuration list for PBXNativeTarget "SphereAssessmentTests" */ = {
			isa = XCConfigurationList;
			buildConfigurations = (
				7109AE5E20AE04BF002ABCF1 /* Debug */,
				7109AE5F20AE04BF002ABCF1 /* Release */,
			);
			defaultConfigurationIsVisible = 0;
			defaultConfigurationName = Release;
		};
		7109AE6020AE04BF002ABCF1 /* Build configuration list for PBXNativeTarget "SphereAssessmentUITests" */ = {
			isa = XCConfigurationList;
			buildConfigurations = (
				7109AE6120AE04BF002ABCF1 /* Debug */,
				7109AE6220AE04BF002ABCF1 /* Release */,
			);
			defaultConfigurationIsVisible = 0;
			defaultConfigurationName = Release;
		};
/* End XCConfigurationList section */
	};
	rootObject = 7109AE2A20AE04BF002ABCF1 /* Project object */;
}
